// !$*UTF8*$!
{
	archiveVersion = 1;
	classes = {
	};
	objectVersion = 50;
	objects = {

/* Begin PBXBuildFile section */
		007BF90FC109DB239A12F095 /* Pods_Light_DJ.framework in Frameworks */ = {isa = PBXBuildFile; fileRef = B4F4F49F50517098EC770516 /* Pods_Light_DJ.framework */; };
		4E0ECDF3215C04A7007276E4 /* VisualizerSettingViewController.swift in Sources */ = {isa = PBXBuildFile; fileRef = 4E0ECDF2215C04A7007276E4 /* VisualizerSettingViewController.swift */; };
		4E0ECDF5215C285C007276E4 /* SceneMakerTableViewCell.swift in Sources */ = {isa = PBXBuildFile; fileRef = 4E0ECDF4215C285C007276E4 /* SceneMakerTableViewCell.swift */; };
		4E1149CA2155F3C10018F3C6 /* HelpViewController.swift in Sources */ = {isa = PBXBuildFile; fileRef = 4E1149C92155F3C10018F3C6 /* HelpViewController.swift */; };
		4E1149CC2155F84B0018F3C6 /* PhilipsTableViewController.swift in Sources */ = {isa = PBXBuildFile; fileRef = 4E1149CB2155F84B0018F3C6 /* PhilipsTableViewController.swift */; };
		4E1149D02156E4AB0018F3C6 /* SettingsTableViewController.swift in Sources */ = {isa = PBXBuildFile; fileRef = 4E1149CF2156E4AB0018F3C6 /* SettingsTableViewController.swift */; };
		4E1149D221574C730018F3C6 /* VisualizerViewController.swift in Sources */ = {isa = PBXBuildFile; fileRef = 4E1149D121574C730018F3C6 /* VisualizerViewController.swift */; };
		4EA5FB462159A84300903D9A /* SceneMakerViewController.swift in Sources */ = {isa = PBXBuildFile; fileRef = 4EA5FB452159A84300903D9A /* SceneMakerViewController.swift */; };
		4EDCF9032155D20200056AAD /* AppDelegate.swift in Sources */ = {isa = PBXBuildFile; fileRef = 4EDCF9022155D20200056AAD /* AppDelegate.swift */; };
		4EDCF9052155D20200056AAD /* ViewController.swift in Sources */ = {isa = PBXBuildFile; fileRef = 4EDCF9042155D20200056AAD /* ViewController.swift */; };
		4EDCF9082155D20200056AAD /* Main.storyboard in Resources */ = {isa = PBXBuildFile; fileRef = 4EDCF9062155D20200056AAD /* Main.storyboard */; };
		4EDCF90B2155D20200056AAD /* Light_DJ.xcdatamodeld in Sources */ = {isa = PBXBuildFile; fileRef = 4EDCF9092155D20200056AAD /* Light_DJ.xcdatamodeld */; };
		4EDCF90D2155D20400056AAD /* Assets.xcassets in Resources */ = {isa = PBXBuildFile; fileRef = 4EDCF90C2155D20400056AAD /* Assets.xcassets */; };
		4EDCF9102155D20400056AAD /* LaunchScreen.storyboard in Resources */ = {isa = PBXBuildFile; fileRef = 4EDCF90E2155D20400056AAD /* LaunchScreen.storyboard */; };
		4EF6C268215DB870009815EF /* newSettingViewController.swift in Sources */ = {isa = PBXBuildFile; fileRef = 4EF6C267215DB870009815EF /* newSettingViewController.swift */; };
/* End PBXBuildFile section */

/* Begin PBXFileReference section */
		434CE9E1F57C138947FCD097 /* Pods-Light DJ.release.xcconfig */ = {isa = PBXFileReference; includeInIndex = 1; lastKnownFileType = text.xcconfig; name = "Pods-Light DJ.release.xcconfig"; path = "Pods/Target Support Files/Pods-Light DJ/Pods-Light DJ.release.xcconfig"; sourceTree = "<group>"; };
		4E0ECDF2215C04A7007276E4 /* VisualizerSettingViewController.swift */ = {isa = PBXFileReference; lastKnownFileType = sourcecode.swift; path = VisualizerSettingViewController.swift; sourceTree = "<group>"; };
		4E0ECDF4215C285C007276E4 /* SceneMakerTableViewCell.swift */ = {isa = PBXFileReference; lastKnownFileType = sourcecode.swift; path = SceneMakerTableViewCell.swift; sourceTree = "<group>"; };
		4E1149C92155F3C10018F3C6 /* HelpViewController.swift */ = {isa = PBXFileReference; lastKnownFileType = sourcecode.swift; path = HelpViewController.swift; sourceTree = "<group>"; };
		4E1149CB2155F84B0018F3C6 /* PhilipsTableViewController.swift */ = {isa = PBXFileReference; lastKnownFileType = sourcecode.swift; path = PhilipsTableViewController.swift; sourceTree = "<group>"; };
		4E1149CF2156E4AB0018F3C6 /* SettingsTableViewController.swift */ = {isa = PBXFileReference; lastKnownFileType = sourcecode.swift; path = SettingsTableViewController.swift; sourceTree = "<group>"; };
		4E1149D121574C730018F3C6 /* VisualizerViewController.swift */ = {isa = PBXFileReference; lastKnownFileType = sourcecode.swift; path = VisualizerViewController.swift; sourceTree = "<group>"; };
		4EA5FB452159A84300903D9A /* SceneMakerViewController.swift */ = {isa = PBXFileReference; lastKnownFileType = sourcecode.swift; path = SceneMakerViewController.swift; sourceTree = "<group>"; };
		4EDCF8FF2155D20200056AAD /* Light DJ.app */ = {isa = PBXFileReference; explicitFileType = wrapper.application; includeInIndex = 0; path = "Light DJ.app"; sourceTree = BUILT_PRODUCTS_DIR; };
		4EDCF9022155D20200056AAD /* AppDelegate.swift */ = {isa = PBXFileReference; lastKnownFileType = sourcecode.swift; path = AppDelegate.swift; sourceTree = "<group>"; };
		4EDCF9042155D20200056AAD /* ViewController.swift */ = {isa = PBXFileReference; lastKnownFileType = sourcecode.swift; path = ViewController.swift; sourceTree = "<group>"; };
		4EDCF9072155D20200056AAD /* Base */ = {isa = PBXFileReference; lastKnownFileType = file.storyboard; name = Base; path = Base.lproj/Main.storyboard; sourceTree = "<group>"; };
		4EDCF90A2155D20200056AAD /* Light_DJ.xcdatamodel */ = {isa = PBXFileReference; lastKnownFileType = wrapper.xcdatamodel; path = Light_DJ.xcdatamodel; sourceTree = "<group>"; };
		4EDCF90C2155D20400056AAD /* Assets.xcassets */ = {isa = PBXFileReference; lastKnownFileType = folder.assetcatalog; path = Assets.xcassets; sourceTree = "<group>"; };
		4EDCF90F2155D20400056AAD /* Base */ = {isa = PBXFileReference; lastKnownFileType = file.storyboard; name = Base; path = Base.lproj/LaunchScreen.storyboard; sourceTree = "<group>"; };
		4EDCF9112155D20400056AAD /* Info.plist */ = {isa = PBXFileReference; lastKnownFileType = text.plist.xml; path = Info.plist; sourceTree = "<group>"; };
		4EF6C267215DB870009815EF /* newSettingViewController.swift */ = {isa = PBXFileReference; lastKnownFileType = sourcecode.swift; path = newSettingViewController.swift; sourceTree = "<group>"; };
		B4F4F49F50517098EC770516 /* Pods_Light_DJ.framework */ = {isa = PBXFileReference; explicitFileType = wrapper.framework; includeInIndex = 0; path = Pods_Light_DJ.framework; sourceTree = BUILT_PRODUCTS_DIR; };
		FB133D81FD0D06B9BB67EDFB /* Pods-Light DJ.debug.xcconfig */ = {isa = PBXFileReference; includeInIndex = 1; lastKnownFileType = text.xcconfig; name = "Pods-Light DJ.debug.xcconfig"; path = "Pods/Target Support Files/Pods-Light DJ/Pods-Light DJ.debug.xcconfig"; sourceTree = "<group>"; };
/* End PBXFileReference section */

/* Begin PBXFrameworksBuildPhase section */
		4EDCF8FC2155D20200056AAD /* Frameworks */ = {
			isa = PBXFrameworksBuildPhase;
			buildActionMask = 2147483647;
			files = (
				007BF90FC109DB239A12F095 /* Pods_Light_DJ.framework in Frameworks */,
			);
			runOnlyForDeploymentPostprocessing = 0;
		};
/* End PBXFrameworksBuildPhase section */

/* Begin PBXGroup section */
		273200CFCACAF1F6F39C9047 /* Pods */ = {
			isa = PBXGroup;
			children = (
				FB133D81FD0D06B9BB67EDFB /* Pods-Light DJ.debug.xcconfig */,
				434CE9E1F57C138947FCD097 /* Pods-Light DJ.release.xcconfig */,
			);
			name = Pods;
			sourceTree = "<group>";
		};
		4A31CD19064351FDBB18C298 /* Frameworks */ = {
			isa = PBXGroup;
			children = (
				B4F4F49F50517098EC770516 /* Pods_Light_DJ.framework */,
			);
			name = Frameworks;
			sourceTree = "<group>";
		};
		4EDCF8F62155D20200056AAD = {
			isa = PBXGroup;
			children = (
				4EDCF9012155D20200056AAD /* Light DJ */,
				4EDCF9002155D20200056AAD /* Products */,
				273200CFCACAF1F6F39C9047 /* Pods */,
				4A31CD19064351FDBB18C298 /* Frameworks */,
			);
			sourceTree = "<group>";
		};
		4EDCF9002155D20200056AAD /* Products */ = {
			isa = PBXGroup;
			children = (
				4EDCF8FF2155D20200056AAD /* Light DJ.app */,
			);
			name = Products;
			sourceTree = "<group>";
		};
		4EDCF9012155D20200056AAD /* Light DJ */ = {
			isa = PBXGroup;
			children = (
				4EDCF9022155D20200056AAD /* AppDelegate.swift */,
				4EDCF9042155D20200056AAD /* ViewController.swift */,
				4E1149C92155F3C10018F3C6 /* HelpViewController.swift */,
				4E1149CB2155F84B0018F3C6 /* PhilipsTableViewController.swift */,
				4E1149CF2156E4AB0018F3C6 /* SettingsTableViewController.swift */,
				4E1149D121574C730018F3C6 /* VisualizerViewController.swift */,
				4EA5FB452159A84300903D9A /* SceneMakerViewController.swift */,
				4E0ECDF2215C04A7007276E4 /* VisualizerSettingViewController.swift */,
				4EF6C267215DB870009815EF /* newSettingViewController.swift */,
				4E0ECDF4215C285C007276E4 /* SceneMakerTableViewCell.swift */,
				4EDCF9062155D20200056AAD /* Main.storyboard */,
				4EDCF90C2155D20400056AAD /* Assets.xcassets */,
				4EDCF90E2155D20400056AAD /* LaunchScreen.storyboard */,
				4EDCF9112155D20400056AAD /* Info.plist */,
				4EDCF9092155D20200056AAD /* Light_DJ.xcdatamodeld */,
			);
			path = "Light DJ";
			sourceTree = "<group>";
		};
/* End PBXGroup section */

/* Begin PBXNativeTarget section */
		4EDCF8FE2155D20200056AAD /* Light DJ */ = {
			isa = PBXNativeTarget;
			buildConfigurationList = 4EDCF9142155D20400056AAD /* Build configuration list for PBXNativeTarget "Light DJ" */;
			buildPhases = (
				19D04CB63D20E52928BEDD08 /* [CP] Check Pods Manifest.lock */,
				4EDCF8FB2155D20200056AAD /* Sources */,
				4EDCF8FC2155D20200056AAD /* Frameworks */,
				4EDCF8FD2155D20200056AAD /* Resources */,
				B1C413F848F2648819BCF093 /* [CP] Embed Pods Frameworks */,
			);
			buildRules = (
			);
			dependencies = (
			);
			name = "Light DJ";
			productName = "Light DJ";
			productReference = 4EDCF8FF2155D20200056AAD /* Light DJ.app */;
			productType = "com.apple.product-type.application";
		};
/* End PBXNativeTarget section */

/* Begin PBXProject section */
		4EDCF8F72155D20200056AAD /* Project object */ = {
			isa = PBXProject;
			attributes = {
				LastSwiftUpdateCheck = 1000;
				LastUpgradeCheck = 1000;
				ORGANIZATIONNAME = "Zabeehullah Qayumi";
				TargetAttributes = {
					4EDCF8FE2155D20200056AAD = {
						CreatedOnToolsVersion = 10.0;
					};
				};
			};
			buildConfigurationList = 4EDCF8FA2155D20200056AAD /* Build configuration list for PBXProject "Light DJ" */;
			compatibilityVersion = "Xcode 9.3";
			developmentRegion = en;
			hasScannedForEncodings = 0;
			knownRegions = (
				en,
				Base,
			);
			mainGroup = 4EDCF8F62155D20200056AAD;
			productRefGroup = 4EDCF9002155D20200056AAD /* Products */;
			projectDirPath = "";
			projectRoot = "";
			targets = (
				4EDCF8FE2155D20200056AAD /* Light DJ */,
			);
		};
/* End PBXProject section */

/* Begin PBXResourcesBuildPhase section */
		4EDCF8FD2155D20200056AAD /* Resources */ = {
			isa = PBXResourcesBuildPhase;
			buildActionMask = 2147483647;
			files = (
				4EDCF9102155D20400056AAD /* LaunchScreen.storyboard in Resources */,
				4EDCF90D2155D20400056AAD /* Assets.xcassets in Resources */,
				4EDCF9082155D20200056AAD /* Main.storyboard in Resources */,
			);
			runOnlyForDeploymentPostprocessing = 0;
		};
/* End PBXResourcesBuildPhase section */

/* Begin PBXShellScriptBuildPhase section */
		19D04CB63D20E52928BEDD08 /* [CP] Check Pods Manifest.lock */ = {
			isa = PBXShellScriptBuildPhase;
			buildActionMask = 2147483647;
			files = (
			);
			inputPaths = (
				"${PODS_PODFILE_DIR_PATH}/Podfile.lock",
				"${PODS_ROOT}/Manifest.lock",
			);
			name = "[CP] Check Pods Manifest.lock";
			outputPaths = (
				"$(DERIVED_FILE_DIR)/Pods-Light DJ-checkManifestLockResult.txt",
			);
			runOnlyForDeploymentPostprocessing = 0;
			shellPath = /bin/sh;
			shellScript = "diff \"${PODS_PODFILE_DIR_PATH}/Podfile.lock\" \"${PODS_ROOT}/Manifest.lock\" > /dev/null\nif [ $? != 0 ] ; then\n    # print error to STDERR\n    echo \"error: The sandbox is not in sync with the Podfile.lock. Run 'pod install' or update your CocoaPods installation.\" >&2\n    exit 1\nfi\n# This output is used by Xcode 'outputs' to avoid re-running this script phase.\necho \"SUCCESS\" > \"${SCRIPT_OUTPUT_FILE_0}\"\n";
			showEnvVarsInLog = 0;
		};
		B1C413F848F2648819BCF093 /* [CP] Embed Pods Frameworks */ = {
			isa = PBXShellScriptBuildPhase;
			buildActionMask = 2147483647;
			files = (
			);
			inputPaths = (
				"${SRCROOT}/Pods/Target Support Files/Pods-Light DJ/Pods-Light DJ-frameworks.sh",
				"${BUILT_PRODUCTS_DIR}/SVProgressHUD/SVProgressHUD.framework",
			);
			name = "[CP] Embed Pods Frameworks";
			outputPaths = (
				"${TARGET_BUILD_DIR}/${FRAMEWORKS_FOLDER_PATH}/SVProgressHUD.framework",
			);
			runOnlyForDeploymentPostprocessing = 0;
			shellPath = /bin/sh;
			shellScript = "\"${SRCROOT}/Pods/Target Support Files/Pods-Light DJ/Pods-Light DJ-frameworks.sh\"\n";
			showEnvVarsInLog = 0;
		};
/* End PBXShellScriptBuildPhase section */

/* Begin PBXSourcesBuildPhase section */
		4EDCF8FB2155D20200056AAD /* Sources */ = {
			isa = PBXSourcesBuildPhase;
			buildActionMask = 2147483647;
			files = (
				4E0ECDF3215C04A7007276E4 /* VisualizerSettingViewController.swift in Sources */,
				4E0ECDF5215C285C007276E4 /* SceneMakerTableViewCell.swift in Sources */,
				4EDCF9052155D20200056AAD /* ViewController.swift in Sources */,
				4E1149D221574C730018F3C6 /* VisualizerViewController.swift in Sources */,
				4EF6C268215DB870009815EF /* newSettingViewController.swift in Sources */,
				4EDCF90B2155D20200056AAD /* Light_DJ.xcdatamodeld in Sources */,
				4E1149D02156E4AB0018F3C6 /* SettingsTableViewController.swift in Sources */,
				4EDCF9032155D20200056AAD /* AppDelegate.swift in Sources */,
				4E1149CC2155F84B0018F3C6 /* PhilipsTableViewController.swift in Sources */,
				4EA5FB462159A84300903D9A /* SceneMakerViewController.swift in Sources */,
				4E1149CA2155F3C10018F3C6 /* HelpViewController.swift in Sources */,
			);
			runOnlyForDeploymentPostprocessing = 0;
		};
/* End PBXSourcesBuildPhase section */

/* Begin PBXVariantGroup section */
		4EDCF9062155D20200056AAD /* Main.storyboard */ = {
			isa = PBXVariantGroup;
			children = (
				4EDCF9072155D20200056AAD /* Base */,
			);
			name = Main.storyboard;
			sourceTree = "<group>";
		};
		4EDCF90E2155D20400056AAD /* LaunchScreen.storyboard */ = {
			isa = PBXVariantGroup;
			children = (
				4EDCF90F2155D20400056AAD /* Base */,
			);
			name = LaunchScreen.storyboard;
			sourceTree = "<group>";
		};
/* End PBXVariantGroup section */

/* Begin XCBuildConfiguration section */
		4EDCF9122155D20400056AAD /* Debug */ = {
			isa = XCBuildConfiguration;
			buildSettings = {
				ALWAYS_SEARCH_USER_PATHS = NO;
				CLANG_ANALYZER_NONNULL = YES;
				CLANG_ANALYZER_NUMBER_OBJECT_CONVERSION = YES_AGGRESSIVE;
				CLANG_CXX_LANGUAGE_STANDARD = "gnu++14";
				CLANG_CXX_LIBRARY = "libc++";
				CLANG_ENABLE_MODULES = YES;
				CLANG_ENABLE_OBJC_ARC = YES;
				CLANG_ENABLE_OBJC_WEAK = YES;
				CLANG_WARN_BLOCK_CAPTURE_AUTORELEASING = YES;
				CLANG_WARN_BOOL_CONVERSION = YES;
				CLANG_WARN_COMMA = YES;
				CLANG_WARN_CONSTANT_CONVERSION = YES;
				CLANG_WARN_DEPRECATED_OBJC_IMPLEMENTATIONS = YES;
				CLANG_WARN_DIRECT_OBJC_ISA_USAGE = YES_ERROR;
				CLANG_WARN_DOCUMENTATION_COMMENTS = YES;
				CLANG_WARN_EMPTY_BODY = YES;
				CLANG_WARN_ENUM_CONVERSION = YES;
				CLANG_WARN_INFINITE_RECURSION = YES;
				CLANG_WARN_INT_CONVERSION = YES;
				CLANG_WARN_NON_LITERAL_NULL_CONVERSION = YES;
				CLANG_WARN_OBJC_IMPLICIT_RETAIN_SELF = YES;
				CLANG_WARN_OBJC_LITERAL_CONVERSION = YES;
				CLANG_WARN_OBJC_ROOT_CLASS = YES_ERROR;
				CLANG_WARN_RANGE_LOOP_ANALYSIS = YES;
				CLANG_WARN_STRICT_PROTOTYPES = YES;
				CLANG_WARN_SUSPICIOUS_MOVE = YES;
				CLANG_WARN_UNGUARDED_AVAILABILITY = YES_AGGRESSIVE;
				CLANG_WARN_UNREACHABLE_CODE = YES;
				CLANG_WARN__DUPLICATE_METHOD_MATCH = YES;
				CODE_SIGN_IDENTITY = "iPhone Developer";
				COPY_PHASE_STRIP = NO;
				DEBUG_INFORMATION_FORMAT = dwarf;
				ENABLE_STRICT_OBJC_MSGSEND = YES;
				ENABLE_TESTABILITY = YES;
				GCC_C_LANGUAGE_STANDARD = gnu11;
				GCC_DYNAMIC_NO_PIC = NO;
				GCC_NO_COMMON_BLOCKS = YES;
				GCC_OPTIMIZATION_LEVEL = 0;
				GCC_PREPROCESSOR_DEFINITIONS = (
					"DEBUG=1",
					"$(inherited)",
				);
				GCC_WARN_64_TO_32_BIT_CONVERSION = YES;
				GCC_WARN_ABOUT_RETURN_TYPE = YES_ERROR;
				GCC_WARN_UNDECLARED_SELECTOR = YES;
				GCC_WARN_UNINITIALIZED_AUTOS = YES_AGGRESSIVE;
				GCC_WARN_UNUSED_FUNCTION = YES;
				GCC_WARN_UNUSED_VARIABLE = YES;
				IPHONEOS_DEPLOYMENT_TARGET = 12.0;
				MTL_ENABLE_DEBUG_INFO = INCLUDE_SOURCE;
				MTL_FAST_MATH = YES;
				ONLY_ACTIVE_ARCH = YES;
				SDKROOT = iphoneos;
				SWIFT_ACTIVE_COMPILATION_CONDITIONS = DEBUG;
				SWIFT_OPTIMIZATION_LEVEL = "-Onone";
			};
			name = Debug;
		};
		4EDCF9132155D20400056AAD /* Release */ = {
			isa = XCBuildConfiguration;
			buildSettings = {
				ALWAYS_SEARCH_USER_PATHS = NO;
				CLANG_ANALYZER_NONNULL = YES;
				CLANG_ANALYZER_NUMBER_OBJECT_CONVERSION = YES_AGGRESSIVE;
				CLANG_CXX_LANGUAGE_STANDARD = "gnu++14";
				CLANG_CXX_LIBRARY = "libc++";
				CLANG_ENABLE_MODULES = YES;
				CLANG_ENABLE_OBJC_ARC = YES;
				CLANG_ENABLE_OBJC_WEAK = YES;
				CLANG_WARN_BLOCK_CAPTURE_AUTORELEASING = YES;
				CLANG_WARN_BOOL_CONVERSION = YES;
				CLANG_WARN_COMMA = YES;
				CLANG_WARN_CONSTANT_CONVERSION = YES;
				CLANG_WARN_DEPRECATED_OBJC_IMPLEMENTATIONS = YES;
				CLANG_WARN_DIRECT_OBJC_ISA_USAGE = YES_ERROR;
				CLANG_WARN_DOCUMENTATION_COMMENTS = YES;
				CLANG_WARN_EMPTY_BODY = YES;
				CLANG_WARN_ENUM_CONVERSION = YES;
				CLANG_WARN_INFINITE_RECURSION = YES;
				CLANG_WARN_INT_CONVERSION = YES;
				CLANG_WARN_NON_LITERAL_NULL_CONVERSION = YES;
				CLANG_WARN_OBJC_IMPLICIT_RETAIN_SELF = YES;
				CLANG_WARN_OBJC_LITERAL_CONVERSION = YES;
				CLANG_WARN_OBJC_ROOT_CLASS = YES_ERROR;
				CLANG_WARN_RANGE_LOOP_ANALYSIS = YES;
				CLANG_WARN_STRICT_PROTOTYPES = YES;
				CLANG_WARN_SUSPICIOUS_MOVE = YES;
				CLANG_WARN_UNGUARDED_AVAILABILITY = YES_AGGRESSIVE;
				CLANG_WARN_UNREACHABLE_CODE = YES;
				CLANG_WARN__DUPLICATE_METHOD_MATCH = YES;
				CODE_SIGN_IDENTITY = "iPhone Developer";
				COPY_PHASE_STRIP = NO;
				DEBUG_INFORMATION_FORMAT = "dwarf-with-dsym";
				ENABLE_NS_ASSERTIONS = NO;
				ENABLE_STRICT_OBJC_MSGSEND = YES;
				GCC_C_LANGUAGE_STANDARD = gnu11;
				GCC_NO_COMMON_BLOCKS = YES;
				GCC_WARN_64_TO_32_BIT_CONVERSION = YES;
				GCC_WARN_ABOUT_RETURN_TYPE = YES_ERROR;
				GCC_WARN_UNDECLARED_SELECTOR = YES;
				GCC_WARN_UNINITIALIZED_AUTOS = YES_AGGRESSIVE;
				GCC_WARN_UNUSED_FUNCTION = YES;
				GCC_WARN_UNUSED_VARIABLE = YES;
				IPHONEOS_DEPLOYMENT_TARGET = 12.0;
				MTL_ENABLE_DEBUG_INFO = NO;
				MTL_FAST_MATH = YES;
				SDKROOT = iphoneos;
				SWIFT_COMPILATION_MODE = wholemodule;
				SWIFT_OPTIMIZATION_LEVEL = "-O";
				VALIDATE_PRODUCT = YES;
			};
			name = Release;
		};
		4EDCF9152155D20400056AAD /* Debug */ = {
			isa = XCBuildConfiguration;
			baseConfigurationReference = FB133D81FD0D06B9BB67EDFB /* Pods-Light DJ.debug.xcconfig */;
			buildSettings = {
				ASSETCATALOG_COMPILER_APPICON_NAME = AppIcon;
				CODE_SIGN_STYLE = Automatic;
				INFOPLIST_FILE = "Light DJ/Info.plist";
				LD_RUNPATH_SEARCH_PATHS = (
					"$(inherited)",
					"@executable_path/Frameworks",
				);
				PRODUCT_BUNDLE_IDENTIFIER = "com.zabeehqayumi.Light-DJ";
				PRODUCT_NAME = "$(TARGET_NAME)";
				SWIFT_VERSION = 4.2;
				TARGETED_DEVICE_FAMILY = "1,2";
			};
			name = Debug;
		};
		4EDCF9162155D20400056AAD /* Release */ = {
			isa = XCBuildConfiguration;
			baseConfigurationReference = 434CE9E1F57C138947FCD097 /* Pods-Light DJ.release.xcconfig */;
			buildSettings = {
				ASSETCATALOG_COMPILER_APPICON_NAME = AppIcon;
				CODE_SIGN_STYLE = Automatic;
				INFOPLIST_FILE = "Light DJ/Info.plist";
				LD_RUNPATH_SEARCH_PATHS = (
					"$(inherited)",
					"@executable_path/Frameworks",
				);
				PRODUCT_BUNDLE_IDENTIFIER = "com.zabeehqayumi.Light-DJ";
				PRODUCT_NAME = "$(TARGET_NAME)";
				SWIFT_VERSION = 4.2;
				TARGETED_DEVICE_FAMILY = "1,2";
			};
			name = Release;
		};
/* End XCBuildConfiguration section */

/* Begin XCConfigurationList section */
		4EDCF8FA2155D20200056AAD /* Build configuration list for PBXProject "Light DJ" */ = {
			isa = XCConfigurationList;
			buildConfigurations = (
				4EDCF9122155D20400056AAD /* Debug */,
				4EDCF9132155D20400056AAD /* Release */,
			);
			defaultConfigurationIsVisible = 0;
			defaultConfigurationName = Release;
		};
		4EDCF9142155D20400056AAD /* Build configuration list for PBXNativeTarget "Light DJ" */ = {
			isa = XCConfigurationList;
			buildConfigurations = (
				4EDCF9152155D20400056AAD /* Debug */,
				4EDCF9162155D20400056AAD /* Release */,
			);
			defaultConfigurationIsVisible = 0;
			defaultConfigurationName = Release;
		};
/* End XCConfigurationList section */

/* Begin XCVersionGroup section */
		4EDCF9092155D20200056AAD /* Light_DJ.xcdatamodeld */ = {
			isa = XCVersionGroup;
			children = (
				4EDCF90A2155D20200056AAD /* Light_DJ.xcdatamodel */,
			);
			currentVersion = 4EDCF90A2155D20200056AAD /* Light_DJ.xcdatamodel */;
			path = Light_DJ.xcdatamodeld;
			sourceTree = "<group>";
			versionGroupType = wrapper.xcdatamodel;
		};
/* End XCVersionGroup section */
	};
	rootObject = 4EDCF8F72155D20200056AAD /* Project object */;
}
